
Microsoft Visual Studio Solution File, Format Version 12.00
# Visual Studio Version 16
VisualStudioVersion = 16.0.31424.327
MinimumVisualStudioVersion = 10.0.40219.1
Project("{9A19103F-16F7-4668-BE54-9A1E7A4F7556}") = "PRESENTACION", "PRESENTACION\PRESENTACION.csproj", "{DC500DD8-2983-43CC-BD25-DE969CB04CAF}"
EndProject
Project("{FAE04EC0-301F-11D3-BF4B-00C04F79EFBC}") = "BASEDATOS", "BASEDATOS\BASEDATOS.csproj", "{BE2C3DC3-B749-4BE0-B1B3-7B8D525469E7}"
EndProject
Project("{FAE04EC0-301F-11D3-BF4B-00C04F79EFBC}") = "Negocio", "Negocio\Negocio.csproj", "{1D9199C8-4715-4828-B532-712D25A562CB}"
EndProject
Global
	GlobalSection(SolutionConfigurationPlatforms) = preSolution
		Debug|Any CPU = Debug|Any CPU
		Release|Any CPU = Release|Any CPU
	EndGlobalSection
	GlobalSection(ProjectConfigurationPlatforms) = postSolution
		{DC500DD8-2983-43CC-BD25-DE969CB04CAF}.Debug|Any CPU.ActiveCfg = Debug|Any CPU
		{DC500DD8-2983-43CC-BD25-DE969CB04CAF}.Debug|Any CPU.Build.0 = Debug|Any CPU
		{DC500DD8-2983-43CC-BD25-DE969CB04CAF}.Release|Any CPU.ActiveCfg = Release|Any CPU
		{DC500DD8-2983-43CC-BD25-DE969CB04CAF}.Release|Any CPU.Build.0 = Release|Any CPU
		{BE2C3DC3-B749-4BE0-B1B3-7B8D525469E7}.Debug|Any CPU.ActiveCfg = Debug|Any CPU
		{BE2C3DC3-B749-4BE0-B1B3-7B8D525469E7}.Debug|Any CPU.Build.0 = Debug|Any CPU
		{BE2C3DC3-B749-4BE0-B1B3-7B8D525469E7}.Release|Any CPU.ActiveCfg = Release|Any CPU
		{BE2C3DC3-B749-4BE0-B1B3-7B8D525469E7}.Release|Any CPU.Build.0 = Release|Any CPU
		{1D9199C8-4715-4828-B532-712D25A562CB}.Debug|Any CPU.ActiveCfg = Debug|Any CPU
		{1D9199C8-4715-4828-B532-712D25A562CB}.Debug|Any CPU.Build.0 = Debug|Any CPU
		{1D9199C8-4715-4828-B532-712D25A562CB}.Release|Any CPU.ActiveCfg = Release|Any CPU
		{1D9199C8-4715-4828-B532-712D25A562CB}.Release|Any CPU.Build.0 = Release|Any CPU
	EndGlobalSection
	GlobalSection(SolutionProperties) = preSolution
		HideSolutionNode = FALSE
	EndGlobalSection
	GlobalSection(ExtensibilityGlobals) = postSolution
		SolutionGuid = {2DF59BFA-B480-4D24-9DCE-ADBB2161C068}
	EndGlobalSection
EndGlobal
